// !$*UTF8*$!
{
	archiveVersion = 1;
	classes = {
	};
	objectVersion = 50;
	objects = {

/* Begin PBXBuildFile section */
		956D14C4253BAEE60088099D /* AppDelegate.swift in Sources */ = {isa = PBXBuildFile; fileRef = 956D14C3253BAEE60088099D /* AppDelegate.swift */; };
		956D14C6253BAEE60088099D /* SceneDelegate.swift in Sources */ = {isa = PBXBuildFile; fileRef = 956D14C5253BAEE60088099D /* SceneDelegate.swift */; };
		956D14C8253BAEE60088099D /* ViewController.swift in Sources */ = {isa = PBXBuildFile; fileRef = 956D14C7253BAEE60088099D /* ViewController.swift */; };
		956D14CB253BAEE60088099D /* Main.storyboard in Resources */ = {isa = PBXBuildFile; fileRef = 956D14C9253BAEE60088099D /* Main.storyboard */; };
		956D14CD253BAEE70088099D /* Assets.xcassets in Resources */ = {isa = PBXBuildFile; fileRef = 956D14CC253BAEE70088099D /* Assets.xcassets */; };
		956D14D0253BAEE70088099D /* LaunchScreen.storyboard in Resources */ = {isa = PBXBuildFile; fileRef = 956D14CE253BAEE70088099D /* LaunchScreen.storyboard */; };
/* End PBXBuildFile section */

/* Begin PBXFileReference section */
		956D14C0253BAEE60088099D /* TestTask2ForE-Legion.app */ = {isa = PBXFileReference; explicitFileType = wrapper.application; includeInIndex = 0; path = "TestTask2ForE-Legion.app"; sourceTree = BUILT_PRODUCTS_DIR; };
		956D14C3253BAEE60088099D /* AppDelegate.swift */ = {isa = PBXFileReference; lastKnownFileType = sourcecode.swift; path = AppDelegate.swift; sourceTree = "<group>"; };
		956D14C5253BAEE60088099D /* SceneDelegate.swift */ = {isa = PBXFileReference; lastKnownFileType = sourcecode.swift; path = SceneDelegate.swift; sourceTree = "<group>"; };
		956D14C7253BAEE60088099D /* ViewController.swift */ = {isa = PBXFileReference; lastKnownFileType = sourcecode.swift; path = ViewController.swift; sourceTree = "<group>"; };
		956D14CA253BAEE60088099D /* Base */ = {isa = PBXFileReference; lastKnownFileType = file.storyboard; name = Base; path = Base.lproj/Main.storyboard; sourceTree = "<group>"; };
		956D14CC253BAEE70088099D /* Assets.xcassets */ = {isa = PBXFileReference; lastKnownFileType = folder.assetcatalog; path = Assets.xcassets; sourceTree = "<group>"; };
		956D14CF253BAEE70088099D /* Base */ = {isa = PBXFileReference; lastKnownFileType = file.storyboard; name = Base; path = Base.lproj/LaunchScreen.storyboard; sourceTree = "<group>"; };
		956D14D1253BAEE70088099D /* Info.plist */ = {isa = PBXFileReference; lastKnownFileType = text.plist.xml; path = Info.plist; sourceTree = "<group>"; };
/* End PBXFileReference section */

/* Begin PBXFrameworksBuildPhase section */
		956D14BD253BAEE60088099D /* Frameworks */ = {
			isa = PBXFrameworksBuildPhase;
			buildActionMask = 2147483647;
			files = (
			);
			runOnlyForDeploymentPostprocessing = 0;
		};
/* End PBXFrameworksBuildPhase section */

/* Begin PBXGroup section */
		956D14B7253BAEE60088099D = {
			isa = PBXGroup;
			children = (
				956D14C2253BAEE60088099D /* TestTask2ForE-Legion */,
				956D14C1253BAEE60088099D /* Products */,
			);
			sourceTree = "<group>";
		};
		956D14C1253BAEE60088099D /* Products */ = {
			isa = PBXGroup;
			children = (
				956D14C0253BAEE60088099D /* TestTask2ForE-Legion.app */,
			);
			name = Products;
			sourceTree = "<group>";
		};
		956D14C2253BAEE60088099D /* TestTask2ForE-Legion */ = {
			isa = PBXGroup;
			children = (
				956D14C3253BAEE60088099D /* AppDelegate.swift */,
				956D14C5253BAEE60088099D /* SceneDelegate.swift */,
				956D14C7253BAEE60088099D /* ViewController.swift */,
				956D14C9253BAEE60088099D /* Main.storyboard */,
				956D14CC253BAEE70088099D /* Assets.xcassets */,
				956D14CE253BAEE70088099D /* LaunchScreen.storyboard */,
				956D14D1253BAEE70088099D /* Info.plist */,
			);
			path = "TestTask2ForE-Legion";
			sourceTree = "<group>";
		};
/* End PBXGroup section */

/* Begin PBXNativeTarget section */
		956D14BF253BAEE60088099D /* TestTask2ForE-Legion */ = {
			isa = PBXNativeTarget;
			buildConfigurationList = 956D14D4253BAEE70088099D /* Build configuration list for PBXNativeTarget "TestTask2ForE-Legion" */;
			buildPhases = (
				956D14BC253BAEE60088099D /* Sources */,
				956D14BD253BAEE60088099D /* Frameworks */,
				956D14BE253BAEE60088099D /* Resources */,
			);
			buildRules = (
			);
			dependencies = (
			);
			name = "TestTask2ForE-Legion";
			productName = "TestTask2ForE-Legion";
			productReference = 956D14C0253BAEE60088099D /* TestTask2ForE-Legion.app */;
			productType = "com.apple.product-type.application";
		};
/* End PBXNativeTarget section */

/* Begin PBXProject section */
		956D14B8253BAEE60088099D /* Project object */ = {
			isa = PBXProject;
			attributes = {
				LastSwiftUpdateCheck = 1200;
				LastUpgradeCheck = 1200;
				TargetAttributes = {
					956D14BF253BAEE60088099D = {
						CreatedOnToolsVersion = 12.0.1;
					};
				};
			};
			buildConfigurationList = 956D14BB253BAEE60088099D /* Build configuration list for PBXProject "TestTask2ForE-Legion" */;
			compatibilityVersion = "Xcode 9.3";
			developmentRegion = en;
			hasScannedForEncodings = 0;
			knownRegions = (
				en,
				Base,
			);
			mainGroup = 956D14B7253BAEE60088099D;
			productRefGroup = 956D14C1253BAEE60088099D /* Products */;
			projectDirPath = "";
			projectRoot = "";
			targets = (
				956D14BF253BAEE60088099D /* TestTask2ForE-Legion */,
			);
		};
/* End PBXProject section */

/* Begin PBXResourcesBuildPhase section */
		956D14BE253BAEE60088099D /* Resources */ = {
			isa = PBXResourcesBuildPhase;
			buildActionMask = 2147483647;
			files = (
				956D14D0253BAEE70088099D /* LaunchScreen.storyboard in Resources */,
				956D14CD253BAEE70088099D /* Assets.xcassets in Resources */,
				956D14CB253BAEE60088099D /* Main.storyboard in Resources */,
			);
			runOnlyForDeploymentPostprocessing = 0;
		};
/* End PBXResourcesBuildPhase section */

/* Begin PBXSourcesBuildPhase section */
		956D14BC253BAEE60088099D /* Sources */ = {
			isa = PBXSourcesBuildPhase;
			buildActionMask = 2147483647;
			files = (
				956D14C8253BAEE60088099D /* ViewController.swift in Sources */,
				956D14C4253BAEE60088099D /* AppDelegate.swift in Sources */,
				956D14C6253BAEE60088099D /* SceneDelegate.swift in Sources */,
			);
			runOnlyForDeploymentPostprocessing = 0;
		};
/* End PBXSourcesBuildPhase section */

/* Begin PBXVariantGroup section */
		956D14C9253BAEE60088099D /* Main.storyboard */ = {
			isa = PBXVariantGroup;
			children = (
				956D14CA253BAEE60088099D /* Base */,
			);
			name = Main.storyboard;
			sourceTree = "<group>";
		};
		956D14CE253BAEE70088099D /* LaunchScreen.storyboard */ = {
			isa = PBXVariantGroup;
			children = (
				956D14CF253BAEE70088099D /* Base */,
			);
			name = LaunchScreen.storyboard;
			sourceTree = "<group>";
		};
/* End PBXVariantGroup section */

/* Begin XCBuildConfiguration section */
		956D14D2253BAEE70088099D /* Debug */ = {
			isa = XCBuildConfiguration;
			buildSettings = {
				ALWAYS_SEARCH_USER_PATHS = NO;
				CLANG_ANALYZER_NONNULL = YES;
				CLANG_ANALYZER_NUMBER_OBJECT_CONVERSION = YES_AGGRESSIVE;
				CLANG_CXX_LANGUAGE_STANDARD = "gnu++14";
				CLANG_CXX_LIBRARY = "libc++";
				CLANG_ENABLE_MODULES = YES;
				CLANG_ENABLE_OBJC_ARC = YES;
				CLANG_ENABLE_OBJC_WEAK = YES;
				CLANG_WARN_BLOCK_CAPTURE_AUTORELEASING = YES;
				CLANG_WARN_BOOL_CONVERSION = YES;
				CLANG_WARN_COMMA = YES;
				CLANG_WARN_CONSTANT_CONVERSION = YES;
				CLANG_WARN_DEPRECATED_OBJC_IMPLEMENTATIONS = YES;
				CLANG_WARN_DIRECT_OBJC_ISA_USAGE = YES_ERROR;
				CLANG_WARN_DOCUMENTATION_COMMENTS = YES;
				CLANG_WARN_EMPTY_BODY = YES;
				CLANG_WARN_ENUM_CONVERSION = YES;
				CLANG_WARN_INFINITE_RECURSION = YES;
				CLANG_WARN_INT_CONVERSION = YES;
				CLANG_WARN_NON_LITERAL_NULL_CONVERSION = YES;
				CLANG_WARN_OBJC_IMPLICIT_RETAIN_SELF = YES;
				CLANG_WARN_OBJC_LITERAL_CONVERSION = YES;
				CLANG_WARN_OBJC_ROOT_CLASS = YES_ERROR;
				CLANG_WARN_QUOTED_INCLUDE_IN_FRAMEWORK_HEADER = YES;
				CLANG_WARN_RANGE_LOOP_ANALYSIS = YES;
				CLANG_WARN_STRICT_PROTOTYPES = YES;
				CLANG_WARN_SUSPICIOUS_MOVE = YES;
				CLANG_WARN_UNGUARDED_AVAILABILITY = YES_AGGRESSIVE;
				CLANG_WARN_UNREACHABLE_CODE = YES;
				CLANG_WARN__DUPLICATE_METHOD_MATCH = YES;
				COPY_PHASE_STRIP = NO;
				DEBUG_INFORMATION_FORMAT = dwarf;
				ENABLE_STRICT_OBJC_MSGSEND = YES;
				ENABLE_TESTABILITY = YES;
				GCC_C_LANGUAGE_STANDARD = gnu11;
				GCC_DYNAMIC_NO_PIC = NO;
				GCC_NO_COMMON_BLOCKS = YES;
				GCC_OPTIMIZATION_LEVEL = 0;
				GCC_PREPROCESSOR_DEFINITIONS = (
					"DEBUG=1",
					"$(inherited)",
				);
				GCC_WARN_64_TO_32_BIT_CONVERSION = YES;
				GCC_WARN_ABOUT_RETURN_TYPE = YES_ERROR;
				GCC_WARN_UNDECLARED_SELECTOR = YES;
				GCC_WARN_UNINITIALIZED_AUTOS = YES_AGGRESSIVE;
				GCC_WARN_UNUSED_FUNCTION = YES;
				GCC_WARN_UNUSED_VARIABLE = YES;
				IPHONEOS_DEPLOYMENT_TARGET = 14.0;
				MTL_ENABLE_DEBUG_INFO = INCLUDE_SOURCE;
				MTL_FAST_MATH = YES;
				ONLY_ACTIVE_ARCH = YES;
				SDKROOT = iphoneos;
				SWIFT_ACTIVE_COMPILATION_CONDITIONS = DEBUG;
				SWIFT_OPTIMIZATION_LEVEL = "-Onone";
			};
			name = Debug;
		};
		956D14D3253BAEE70088099D /* Release */ = {
			isa = XCBuildConfiguration;
			buildSettings = {
				ALWAYS_SEARCH_USER_PATHS = NO;
				CLANG_ANALYZER_NONNULL = YES;
				CLANG_ANALYZER_NUMBER_OBJECT_CONVERSION = YES_AGGRESSIVE;
				CLANG_CXX_LANGUAGE_STANDARD = "gnu++14";
				CLANG_CXX_LIBRARY = "libc++";
				CLANG_ENABLE_MODULES = YES;
				CLANG_ENABLE_OBJC_ARC = YES;
				CLANG_ENABLE_OBJC_WEAK = YES;
				CLANG_WARN_BLOCK_CAPTURE_AUTORELEASING = YES;
				CLANG_WARN_BOOL_CONVERSION = YES;
				CLANG_WARN_COMMA = YES;
				CLANG_WARN_CONSTANT_CONVERSION = YES;
				CLANG_WARN_DEPRECATED_OBJC_IMPLEMENTATIONS = YES;
				CLANG_WARN_DIRECT_OBJC_ISA_USAGE = YES_ERROR;
				CLANG_WARN_DOCUMENTATION_COMMENTS = YES;
				CLANG_WARN_EMPTY_BODY = YES;
				CLANG_WARN_ENUM_CONVERSION = YES;
				CLANG_WARN_INFINITE_RECURSION = YES;
				CLANG_WARN_INT_CONVERSION = YES;
				CLANG_WARN_NON_LITERAL_NULL_CONVERSION = YES;
				CLANG_WARN_OBJC_IMPLICIT_RETAIN_SELF = YES;
				CLANG_WARN_OBJC_LITERAL_CONVERSION = YES;
				CLANG_WARN_OBJC_ROOT_CLASS = YES_ERROR;
				CLANG_WARN_QUOTED_INCLUDE_IN_FRAMEWORK_HEADER = YES;
				CLANG_WARN_RANGE_LOOP_ANALYSIS = YES;
				CLANG_WARN_STRICT_PROTOTYPES = YES;
				CLANG_WARN_SUSPICIOUS_MOVE = YES;
				CLANG_WARN_UNGUARDED_AVAILABILITY = YES_AGGRESSIVE;
				CLANG_WARN_UNREACHABLE_CODE = YES;
				CLANG_WARN__DUPLICATE_METHOD_MATCH = YES;
				COPY_PHASE_STRIP = NO;
				DEBUG_INFORMATION_FORMAT = "dwarf-with-dsym";
				ENABLE_NS_ASSERTIONS = NO;
				ENABLE_STRICT_OBJC_MSGSEND = YES;
				GCC_C_LANGUAGE_STANDARD = gnu11;
				GCC_NO_COMMON_BLOCKS = YES;
				GCC_WARN_64_TO_32_BIT_CONVERSION = YES;
				GCC_WARN_ABOUT_RETURN_TYPE = YES_ERROR;
				GCC_WARN_UNDECLARED_SELECTOR = YES;
				GCC_WARN_UNINITIALIZED_AUTOS = YES_AGGRESSIVE;
				GCC_WARN_UNUSED_FUNCTION = YES;
				GCC_WARN_UNUSED_VARIABLE = YES;
				IPHONEOS_DEPLOYMENT_TARGET = 14.0;
				MTL_ENABLE_DEBUG_INFO = NO;
				MTL_FAST_MATH = YES;
				SDKROOT = iphoneos;
				SWIFT_COMPILATION_MODE = wholemodule;
				SWIFT_OPTIMIZATION_LEVEL = "-O";
				VALIDATE_PRODUCT = YES;
			};
			name = Release;
		};
		956D14D5253BAEE70088099D /* Debug */ = {
			isa = XCBuildConfiguration;
			buildSettings = {
				ASSETCATALOG_COMPILER_APPICON_NAME = AppIcon;
				ASSETCATALOG_COMPILER_GLOBAL_ACCENT_COLOR_NAME = AccentColor;
				CODE_SIGN_STYLE = Automatic;
				DEVELOPMENT_TEAM = 49737HY7ED;
				INFOPLIST_FILE = "TestTask2ForE-Legion/Info.plist";
				LD_RUNPATH_SEARCH_PATHS = (
					"$(inherited)",
					"@executable_path/Frameworks",
				);
				PRODUCT_BUNDLE_IDENTIFIER = "TestSwiftUI.TestTask2ForE-Legion";
				PRODUCT_NAME = "$(TARGET_NAME)";
				SWIFT_VERSION = 5.0;
				TARGETED_DEVICE_FAMILY = "1,2";
			};
			name = Debug;
		};
		956D14D6253BAEE70088099D /* Release */ = {
			isa = XCBuildConfiguration;
			buildSettings = {
				ASSETCATALOG_COMPILER_APPICON_NAME = AppIcon;
				ASSETCATALOG_COMPILER_GLOBAL_ACCENT_COLOR_NAME = AccentColor;
				CODE_SIGN_STYLE = Automatic;
				DEVELOPMENT_TEAM = 49737HY7ED;
				INFOPLIST_FILE = "TestTask2ForE-Legion/Info.plist";
				LD_RUNPATH_SEARCH_PATHS = (
					"$(inherited)",
					"@executable_path/Frameworks",
				);
				PRODUCT_BUNDLE_IDENTIFIER = "TestSwiftUI.TestTask2ForE-Legion";
				PRODUCT_NAME = "$(TARGET_NAME)";
				SWIFT_VERSION = 5.0;
				TARGETED_DEVICE_FAMILY = "1,2";
			};
			name = Release;
		};
/* End XCBuildConfiguration section */

/* Begin XCConfigurationList section */
		956D14BB253BAEE60088099D /* Build configuration list for PBXProject "TestTask2ForE-Legion" */ = {
			isa = XCConfigurationList;
			buildConfigurations = (
				956D14D2253BAEE70088099D /* Debug */,
				956D14D3253BAEE70088099D /* Release */,
			);
			defaultConfigurationIsVisible = 0;
			defaultConfigurationName = Release;
		};
		956D14D4253BAEE70088099D /* Build configuration list for PBXNativeTarget "TestTask2ForE-Legion" */ = {
			isa = XCConfigurationList;
			buildConfigurations = (
				956D14D5253BAEE70088099D /* Debug */,
				956D14D6253BAEE70088099D /* Release */,
			);
			defaultConfigurationIsVisible = 0;
			defaultConfigurationName = Release;
		};
/* End XCConfigurationList section */
	};
	rootObject = 956D14B8253BAEE60088099D /* Project object */;
}
